
Microsoft Visual Studio Solution File, Format Version 12.00
# Visual Studio Version 16
VisualStudioVersion = 16.0.31624.102
MinimumVisualStudioVersion = 10.0.40219.1
Project("{FAE04EC0-301F-11D3-BF4B-00C04F79EFBC}") = "IAccountTask", "IAccountTask\IAccountTask.csproj", "{C12794D6-4DEE-430C-82E0-21843F1C1951}"
EndProject
Global
	GlobalSection(SolutionConfigurationPlatforms) = preSolution
		Debug|Any CPU = Debug|Any CPU
		Release|Any CPU = Release|Any CPU
	EndGlobalSection
	GlobalSection(ProjectConfigurationPlatforms) = postSolution
		{C12794D6-4DEE-430C-82E0-21843F1C1951}.Debug|Any CPU.ActiveCfg = Debug|Any CPU
		{C12794D6-4DEE-430C-82E0-21843F1C1951}.Debug|Any CPU.Build.0 = Debug|Any CPU
		{C12794D6-4DEE-430C-82E0-21843F1C1951}.Release|Any CPU.ActiveCfg = Release|Any CPU
		{C12794D6-4DEE-430C-82E0-21843F1C1951}.Release|Any CPU.Build.0 = Release|Any CPU
	EndGlobalSection
	GlobalSection(SolutionProperties) = preSolution
		HideSolutionNode = FALSE
	EndGlobalSection
	GlobalSection(ExtensibilityGlobals) = postSolution
		SolutionGuid = {A13EE0E1-EE86-4BE0-B269-5BE24D7E44F0}
	EndGlobalSection
EndGlobal
